
Microsoft Visual Studio Solution File, Format Version 12.00
# Visual Studio Version 16
VisualStudioVersion = 16.0.29911.84
MinimumVisualStudioVersion = 10.0.40219.1
Project("{FAE04EC0-301F-11D3-BF4B-00C04F79EFBC}") = "SSI_300420", "SSI_300420\SSI_300420.csproj", "{CFEAB323-6151-4180-B783-9725BBD29191}"
EndProject
Global
	GlobalSection(SolutionConfigurationPlatforms) = preSolution
		Debug|Any CPU = Debug|Any CPU
		Release|Any CPU = Release|Any CPU
	EndGlobalSection
	GlobalSection(ProjectConfigurationPlatforms) = postSolution
		{CFEAB323-6151-4180-B783-9725BBD29191}.Debug|Any CPU.ActiveCfg = Debug|Any CPU
		{CFEAB323-6151-4180-B783-9725BBD29191}.Debug|Any CPU.Build.0 = Debug|Any CPU
		{CFEAB323-6151-4180-B783-9725BBD29191}.Release|Any CPU.ActiveCfg = Release|Any CPU
		{CFEAB323-6151-4180-B783-9725BBD29191}.Release|Any CPU.Build.0 = Release|Any CPU
	EndGlobalSection
	GlobalSection(SolutionProperties) = preSolution
		HideSolutionNode = FALSE
	EndGlobalSection
	GlobalSection(ExtensibilityGlobals) = postSolution
		SolutionGuid = {2EDD8184-06CD-45A1-A772-41F67792D496}
	EndGlobalSection
EndGlobal
